// !$*UTF8*$!
{ archiveVersion = 1; classes = {}; objectVersion = 56; objects = {
7448F05048FBE4A21901B3B8 = { isa = PBXFileReference; lastKnownFileType = sourcecode.swift; path = "ProofCamResearch/App.swift"; sourceTree = "<group>"; };
48424A55D9ED3322AEB5A822 = { isa = PBXBuildFile; fileRef = 7448F05048FBE4A21901B3B8; };
9B7061E1E2AD75EAD3C64307 = { isa = PBXFileReference; lastKnownFileType = sourcecode.swift; path = "Core/Sources/ProofCamCore/Watermark.swift"; sourceTree = "<group>"; };
30C794A5FA8B390F52FB2AF3 = { isa = PBXBuildFile; fileRef = 9B7061E1E2AD75EAD3C64307; };
86FBBF4F046256F8D23CF2F4 = { isa = PBXFileReference; lastKnownFileType = sourcecode.swift; path = "Core/Sources/ProofCamCore/ResearchUtilities.swift"; sourceTree = "<group>"; };
77EEEDD4A6F9488755AD7E30 = { isa = PBXBuildFile; fileRef = 86FBBF4F046256F8D23CF2F4; };
6A0DCF5A53442116D2688E4E = { isa = PBXFileReference; lastKnownFileType = sourcecode.swift; path = "Core/Sources/ProofCamCore/AppleImageCodec.swift"; sourceTree = "<group>"; };
BCBE8C8F44AE6C031B34C81B = { isa = PBXBuildFile; fileRef = 6A0DCF5A53442116D2688E4E; };
A8792157CB4F27FB949C035F = { isa = PBXFileReference; explicitFileType = wrapper.application; path = ProofCamResearch.app; sourceTree = BUILT_PRODUCTS_DIR; };
0A3E27B8CA818264D75C8D81 = { isa = PBXGroup; children = (A8792157CB4F27FB949C035F,); name = Products; sourceTree = "<group>"; };
AD936FCBED631FA67E05C3EA = { isa = PBXGroup; children = (7448F05048FBE4A21901B3B8,9B7061E1E2AD75EAD3C64307,86FBBF4F046256F8D23CF2F4,6A0DCF5A53442116D2688E4E,0A3E27B8CA818264D75C8D81,); sourceTree = "<group>"; };
878A52FC5FF6A57D50B7B870 = { isa = PBXSourcesBuildPhase; buildActionMask = 2147483647; files = (48424A55D9ED3322AEB5A822,30C794A5FA8B390F52FB2AF3,77EEEDD4A6F9488755AD7E30,BCBE8C8F44AE6C031B34C81B,); runOnlyForDeploymentPostprocessing = 0; };
E2AA269EB967A8853A258BFA = { isa = PBXFrameworksBuildPhase; buildActionMask = 2147483647; files = (); runOnlyForDeploymentPostprocessing = 0; };
73EBF6644258C120893E685D = { isa = XCBuildConfiguration; buildSettings = { IPHONEOS_DEPLOYMENT_TARGET = 17.0; SDKROOT = iphoneos; SWIFT_VERSION = 5.0; CLANG_ENABLE_MODULES = YES; SWIFT_OPTIMIZATION_LEVEL = "-Onone";  }; name = Debug; };
0B0C687DF8B6B8DC790B519C = { isa = XCBuildConfiguration; buildSettings = { IPHONEOS_DEPLOYMENT_TARGET = 17.0; SDKROOT = iphoneos; SWIFT_VERSION = 5.0; CLANG_ENABLE_MODULES = YES; SWIFT_OPTIMIZATION_LEVEL = "-O";  }; name = Release; };
76F8DEC3DFE0BDB465198890 = { isa = XCConfigurationList; buildConfigurations = (73EBF6644258C120893E685D,0B0C687DF8B6B8DC790B519C,); defaultConfigurationIsVisible = 0; defaultConfigurationName = Release; };
6C7EFF6369083C8E1F2B1994 = { isa = XCBuildConfiguration; buildSettings = { IPHONEOS_DEPLOYMENT_TARGET = 17.0; SDKROOT = iphoneos; SWIFT_VERSION = 5.0; CLANG_ENABLE_MODULES = YES; SWIFT_OPTIMIZATION_LEVEL = "-Onone"; PRODUCT_NAME = "$(TARGET_NAME)"; PRODUCT_BUNDLE_IDENTIFIER = com.a4maan.proofcam.research; GENERATE_INFOPLIST_FILE = YES; INFOPLIST_KEY_CFBundleDisplayName = "ProofCam Research"; INFOPLIST_KEY_UILaunchScreen_Generation = YES; INFOPLIST_KEY_UIApplicationSceneManifest_Generation = YES; INFOPLIST_KEY_UISupportedInterfaceOrientations = UIInterfaceOrientationPortrait; TARGETED_DEVICE_FAMILY = 1; CODE_SIGN_STYLE = Automatic; CURRENT_PROJECT_VERSION = 1; MARKETING_VERSION = 0.1; SUPPORTED_PLATFORMS = "iphoneos iphonesimulator";  }; name = Debug; };
DD75E2CB1C510A828AC72D96 = { isa = XCBuildConfiguration; buildSettings = { IPHONEOS_DEPLOYMENT_TARGET = 17.0; SDKROOT = iphoneos; SWIFT_VERSION = 5.0; CLANG_ENABLE_MODULES = YES; SWIFT_OPTIMIZATION_LEVEL = "-O"; PRODUCT_NAME = "$(TARGET_NAME)"; PRODUCT_BUNDLE_IDENTIFIER = com.a4maan.proofcam.research; GENERATE_INFOPLIST_FILE = YES; INFOPLIST_KEY_CFBundleDisplayName = "ProofCam Research"; INFOPLIST_KEY_UILaunchScreen_Generation = YES; INFOPLIST_KEY_UIApplicationSceneManifest_Generation = YES; INFOPLIST_KEY_UISupportedInterfaceOrientations = UIInterfaceOrientationPortrait; TARGETED_DEVICE_FAMILY = 1; CODE_SIGN_STYLE = Automatic; CURRENT_PROJECT_VERSION = 1; MARKETING_VERSION = 0.1; SUPPORTED_PLATFORMS = "iphoneos iphonesimulator";  }; name = Release; };
1B672BF3DA427763BF644BE3 = { isa = XCConfigurationList; buildConfigurations = (6C7EFF6369083C8E1F2B1994,DD75E2CB1C510A828AC72D96,); defaultConfigurationIsVisible = 0; defaultConfigurationName = Release; };
34A04005BCAF206EEC990BD9 = { isa = PBXNativeTarget; buildConfigurationList = 1B672BF3DA427763BF644BE3; buildPhases = (878A52FC5FF6A57D50B7B870,E2AA269EB967A8853A258BFA,); buildRules = (); dependencies = (); name = ProofCamResearch; productName = ProofCamResearch; productReference = A8792157CB4F27FB949C035F; productType = "com.apple.product-type.application"; };
244210E48437B6556980A702 = { isa = PBXProject; attributes = { LastUpgradeCheck = 1600; }; buildConfigurationList = 76F8DEC3DFE0BDB465198890; compatibilityVersion = "Xcode 14.0"; developmentRegion = en; hasScannedForEncodings = 0; knownRegions = (en,Base,); mainGroup = AD936FCBED631FA67E05C3EA; productRefGroup = 0A3E27B8CA818264D75C8D81; projectDirPath = ""; projectRoot = ""; targets = (34A04005BCAF206EEC990BD9,); };
}; rootObject = 244210E48437B6556980A702; }
